
Microsoft Visual Studio Solution File, Format Version 12.00
# Visual Studio Version 17
VisualStudioVersion = 17.3.32901.215
MinimumVisualStudioVersion = 10.0.40219.1
Project("{FAE04EC0-301F-11D3-BF4B-00C04F79EFBC}") = "CarsAndClones", "CarsAndClones\CarsAndClones.csproj", "{5437C2D0-DFB2-466B-B422-5DB4CB99D192}"
EndProject
Global
	GlobalSection(SolutionConfigurationPlatforms) = preSolution
		Debug|Any CPU = Debug|Any CPU
		Release|Any CPU = Release|Any CPU
	EndGlobalSection
	GlobalSection(ProjectConfigurationPlatforms) = postSolution
		{5437C2D0-DFB2-466B-B422-5DB4CB99D192}.Debug|Any CPU.ActiveCfg = Debug|Any CPU
		{5437C2D0-DFB2-466B-B422-5DB4CB99D192}.Debug|Any CPU.Build.0 = Debug|Any CPU
		{5437C2D0-DFB2-466B-B422-5DB4CB99D192}.Release|Any CPU.ActiveCfg = Release|Any CPU
		{5437C2D0-DFB2-466B-B422-5DB4CB99D192}.Release|Any CPU.Build.0 = Release|Any CPU
	EndGlobalSection
	GlobalSection(SolutionProperties) = preSolution
		HideSolutionNode = FALSE
	EndGlobalSection
	GlobalSection(ExtensibilityGlobals) = postSolution
		SolutionGuid = {669D7062-EBC3-43CF-87FB-27E034045F25}
	EndGlobalSection
EndGlobal
